{
  "nodes": {
    "atlas-nvim": {
      "flake": false,
      "locked": {
        "lastModified": 1780828321,
        "narHash": "sha256-jO/iSGWyD+j8/DQhgvNqbdSpiI2gVqyrrHv5MSp91zs=",
        "owner": "emrearmagan",
        "repo": "atlas.nvim",
        "rev": "1221b8dd6d9a51f79872e524ea5e61009060ab80",
        "type": "github"
      },
      "original": {
        "owner": "emrearmagan",
        "repo": "atlas.nvim",
        "type": "github"
      }
    },
    "boolean-toggle": {
      "flake": false,
      "locked": {
        "lastModified": 1781036829,
        "narHash": "sha256-UiZzDhp0LvHe0WgrV0+kCi6Tef4h+ryDk9qY95wm0no=",
        "owner": "DrKJeff16",
        "repo": "boolean-toggle.nvim",
        "rev": "71c701aeb3bd5a34cb0f9729bcf3c4fb5a913acc",
        "type": "github"
      },
      "original": {
        "owner": "DrKJeff16",
        "repo": "boolean-toggle.nvim",
        "type": "github"
      }
    },
    "flake-utils": {
      "inputs": {
        "systems": "systems"
      },
      "locked": {
        "lastModified": 1731533236,
        "narHash": "sha256-l0KFg5HjrsfsO/JpG+r7fRrqm12kzFHyUHqHCVpMMbI=",
        "owner": "numtide",
        "repo": "flake-utils",
        "rev": "11707dc2f618dd54ca8739b309ec4fc024de578b",
        "type": "github"
      },
      "original": {
        "owner": "numtide",
        "repo": "flake-utils",
        "type": "github"
      }
    },
    "go-tagger-nvim": {
      "flake": false,
      "locked": {
        "lastModified": 1771175887,
        "narHash": "sha256-wFVo+cQezQceHDxv1Q6Ix6CJ+W9PS/k3o0rG/p/9Zbk=",
        "owner": "romus204",
        "repo": "go-tagger.nvim",
        "rev": "8fb11cdda459d2336c6312d9dfb2108f250b95e2",
        "type": "github"
      },
      "original": {
        "owner": "romus204",
        "repo": "go-tagger.nvim",
        "type": "github"
      }
    },
    "gopher-nvim": {
      "flake": false,
      "locked": {
        "lastModified": 1772625381,
        "narHash": "sha256-tfagWNHlfCRQ0BMihFCubKgMUpp5QtFl91ja4/Y2/gI=",
        "owner": "olexsmir",
        "repo": "gopher.nvim",
        "rev": "27ba078f14dd39fcd5e8a57d7009cdd77450ebbb",
        "type": "github"
      },
      "original": {
        "owner": "olexsmir",
        "repo": "gopher.nvim",
        "type": "github"
      }
    },
    "goplements-nvim": {
      "flake": false,
      "locked": {
        "lastModified": 1758607788,
        "narHash": "sha256-J+bDwcop1Cu5sV78cHL3FQteQBWm/sDzANouOslzmLc=",
        "owner": "maxandron",
        "repo": "goplements.nvim",
        "rev": "1750ace64d42efcbc1ce36eef848a3cea5f88c79",
        "type": "github"
      },
      "original": {
        "owner": "maxandron",
        "repo": "goplements.nvim",
        "type": "github"
      }
    },
    "gotests-nvim": {
      "flake": false,
      "locked": {
        "lastModified": 1720661540,
        "narHash": "sha256-qI4N8Lj6ZocfN9EiN8d5b8RFsc/ZLOgzyC2W6d+S0nU=",
        "owner": "yanskun",
        "repo": "gotests.nvim",
        "rev": "1edbeb91364ab743b11be3ac4f63e498c9821fd7",
        "type": "github"
      },
      "original": {
        "owner": "yanskun",
        "repo": "gotests.nvim",
        "type": "github"
      }
    },
    "hbac-nvim": {
      "flake": false,
      "locked": {
        "lastModified": 1777904174,
        "narHash": "sha256-8hqEtfrGK0Od04JgzRegPnGCyQMgpnR0b6xQ3pa4vs0=",
        "owner": "axkirillov",
        "repo": "hbac.nvim",
        "rev": "600896c302fb9232559b93200ed2caab8bd8e28e",
        "type": "github"
      },
      "original": {
        "owner": "axkirillov",
        "repo": "hbac.nvim",
        "type": "github"
      }
    },
    "markdown-plus-nvim": {
      "flake": false,
      "locked": {
        "lastModified": 1780980269,
        "narHash": "sha256-KWi6VR8XKZwGh8OVdmUyhNsef9I2mdmWU1KJksUW1ME=",
        "owner": "yousefhadder",
        "repo": "markdown-plus.nvim",
        "rev": "14e628d39abe0ee28d2059c1fedc456511e52eab",
        "type": "github"
      },
      "original": {
        "owner": "yousefhadder",
        "repo": "markdown-plus.nvim",
        "type": "github"
      }
    },
    "match-nvim": {
      "flake": false,
      "locked": {
        "lastModified": 1778065256,
        "narHash": "sha256-PLBnXM7CT2fBMHUUnI8C1k5hnt21E/wNfAX2UWsxFo8=",
        "owner": "ankushbhagats",
        "repo": "match.nvim",
        "rev": "aaba435e1f08cd63e6858e8f742ac9d01091be40",
        "type": "github"
      },
      "original": {
        "owner": "ankushbhagats",
        "repo": "match.nvim",
        "type": "github"
      }
    },
    "nixpkgs": {
      "locked": {
        "lastModified": 1780902259,
        "narHash": "sha256-q8yYEC5f1mFlQO9RGna4LTc9QrcvWunX6FYp83munkQ=",
        "owner": "NixOS",
        "repo": "nixpkgs",
        "rev": "bd0ff2d3eac24699c3664d5966b9ef36f388e2ca",
        "type": "github"
      },
      "original": {
        "owner": "NixOS",
        "ref": "nixos-26.05",
        "repo": "nixpkgs",
        "type": "github"
      }
    },
    "root": {
      "inputs": {
        "atlas-nvim": "atlas-nvim",
        "boolean-toggle": "boolean-toggle",
        "flake-utils": "flake-utils",
        "go-tagger-nvim": "go-tagger-nvim",
        "gopher-nvim": "gopher-nvim",
        "goplements-nvim": "goplements-nvim",
        "gotests-nvim": "gotests-nvim",
        "hbac-nvim": "hbac-nvim",
        "markdown-plus-nvim": "markdown-plus-nvim",
        "match-nvim": "match-nvim",
        "nixpkgs": "nixpkgs",
        "seeker-nvim": "seeker-nvim",
        "signup-nvim": "signup-nvim",
        "switchboard-nvim": "switchboard-nvim",
        "vim-autoread": "vim-autoread",
        "vim-highlighturl": "vim-highlighturl",
        "vim-php-cs-fixer": "vim-php-cs-fixer"
      }
    },
    "seeker-nvim": {
      "flake": false,
      "locked": {
        "lastModified": 1770739625,
        "narHash": "sha256-sITiKTeP7G2GRiYTSqJCgSEe2/lk1nyz1xl25zE2Knk=",
        "owner": "2kabhishek",
        "repo": "seeker.nvim",
        "rev": "c0ec94116bb6c603ad5780bc433cb09b8ae84041",
        "type": "github"
      },
      "original": {
        "owner": "2kabhishek",
        "repo": "seeker.nvim",
        "type": "github"
      }
    },
    "signup-nvim": {
      "flake": false,
      "locked": {
        "lastModified": 1769500438,
        "narHash": "sha256-b9GnxvK+yYuczptvy3G2Pr9yOpC3xRvw/Vy+mL5Qp68=",
        "owner": "Dan7h3x",
        "repo": "signup.nvim",
        "rev": "b6380a89d201b43e89c0d8065943ff40d6ea3834",
        "type": "github"
      },
      "original": {
        "owner": "Dan7h3x",
        "repo": "signup.nvim",
        "type": "github"
      }
    },
    "switchboard-nvim": {
      "flake": false,
      "locked": {
        "lastModified": 1781180104,
        "narHash": "sha256-Qmm+ZaLZKZM/xDTX3KX5a0yoijwmJfFtYsZ0bmp4zeU=",
        "owner": "karnull",
        "repo": "switchboard.nvim",
        "rev": "494927a117ca3453b24374405b4764a25a5862d0",
        "type": "github"
      },
      "original": {
        "owner": "karnull",
        "repo": "switchboard.nvim",
        "type": "github"
      }
    },
    "systems": {
      "locked": {
        "lastModified": 1681028828,
        "narHash": "sha256-Vy1rq5AaRuLzOxct8nz4T6wlgyUR7zLU309k9mBC768=",
        "owner": "nix-systems",
        "repo": "default",
        "rev": "da67096a3b9bf56a91d16901293e51ba5b49a27e",
        "type": "github"
      },
      "original": {
        "owner": "nix-systems",
        "repo": "default",
        "type": "github"
      }
    },
    "vim-autoread": {
      "flake": false,
      "locked": {
        "lastModified": 1691511602,
        "narHash": "sha256-fSADjNt1V9jgAPjxggbh7Nogcxyisi18KaVve8j+c3w=",
        "owner": "djoshea",
        "repo": "vim-autoread",
        "rev": "24061f84652d768bfb85d222c88580b3af138dab",
        "type": "github"
      },
      "original": {
        "owner": "djoshea",
        "repo": "vim-autoread",
        "type": "github"
      }
    },
    "vim-highlighturl": {
      "flake": false,
      "locked": {
        "lastModified": 1737790188,
        "narHash": "sha256-T52+MTbzvZxx7KOYp3gznRaeTmCWvOEPtiAFssoXw2c=",
        "owner": "itchyny",
        "repo": "vim-highlighturl",
        "rev": "7179156ccc68168e7ef8f1eae28edf36911f5a3c",
        "type": "github"
      },
      "original": {
        "owner": "itchyny",
        "repo": "vim-highlighturl",
        "type": "github"
      }
    },
    "vim-php-cs-fixer": {
      "flake": false,
      "locked": {
        "lastModified": 1766134155,
        "narHash": "sha256-57uSDYV7j58MMe/nlADuNBBIEgZa8vYl5uJJNBOiB6g=",
        "owner": "stephpy",
        "repo": "vim-php-cs-fixer",
        "rev": "922816ec60d2745b5400bfec6ecfc010ed38e9cb",
        "type": "github"
      },
      "original": {
        "owner": "stephpy",
        "repo": "vim-php-cs-fixer",
        "type": "github"
      }
    }
  },
  "root": "root",
  "version": 7
}
